
Microsoft Visual Studio Solution File, Format Version 12.00
# Visual Studio Version 17
VisualStudioVersion = 17.13.35919.96
MinimumVisualStudioVersion = 10.0.40219.1
Project("{2150E333-8FDC-42A3-9474-1A3956D46DE8}") = "src", "src", "{02EA681E-C7D8-13C7-8484-4AC65E1B71E8}"
EndProject
Project("{2150E333-8FDC-42A3-9474-1A3956D46DE8}") = "tests", "tests", "{F7232F29-21AE-48F6-A794-DF368B55E102}"
EndProject
Project("{2150E333-8FDC-42A3-9474-1A3956D46DE8}") = "adapters", "adapters", "{F864260A-F053-4FE2-BF57-9BAE190DA8B7}"
EndProject
Project("{2150E333-8FDC-42A3-9474-1A3956D46DE8}") = "core", "core", "{2C9EA9C2-D8D6-42EF-A81F-61C19C8CCDC4}"
EndProject
Project("{2150E333-8FDC-42A3-9474-1A3956D46DE8}") = "driver", "driver", "{0E431E55-96F0-43BD-AFB1-85DD59238382}"
EndProject
Project("{2150E333-8FDC-42A3-9474-1A3956D46DE8}") = "driven", "driven", "{983AAEB3-4B01-4040-803F-5E7D27FA67A7}"
EndProject
Project("{FAE04EC0-301F-11D3-BF4B-00C04F79EFBC}") = "API", "API\API.csproj", "{9DCC2635-8732-4F46-A205-5D076D2CE17A}"
EndProject
Project("{FAE04EC0-301F-11D3-BF4B-00C04F79EFBC}") = "Controllers", "Controller\Controllers.csproj", "{D1FC4EE0-B8C5-44A5-8307-C43BA6925144}"
EndProject
Project("{FAE04EC0-301F-11D3-BF4B-00C04F79EFBC}") = "Infrastructure", "Infrastructure\Infrastructure.csproj", "{C5BAAB58-E949-405F-96D6-C964B319D0E3}"
EndProject
Project("{FAE04EC0-301F-11D3-BF4B-00C04F79EFBC}") = "Application", "Application\Application.csproj", "{F80C4E72-27A0-12B5-0634-DD5C11CFB0C1}"
EndProject
Project("{FAE04EC0-301F-11D3-BF4B-00C04F79EFBC}") = "Domain", "Domain\Domain.csproj", "{E528BBC3-1C26-8C35-F682-23718816ADCD}"
EndProject
Global
	GlobalSection(SolutionConfigurationPlatforms) = preSolution
		Debug|Any CPU = Debug|Any CPU
		Release|Any CPU = Release|Any CPU
	EndGlobalSection
	GlobalSection(ProjectConfigurationPlatforms) = postSolution
		{9DCC2635-8732-4F46-A205-5D076D2CE17A}.Debug|Any CPU.ActiveCfg = Debug|Any CPU
		{9DCC2635-8732-4F46-A205-5D076D2CE17A}.Debug|Any CPU.Build.0 = Debug|Any CPU
		{9DCC2635-8732-4F46-A205-5D076D2CE17A}.Release|Any CPU.ActiveCfg = Release|Any CPU
		{9DCC2635-8732-4F46-A205-5D076D2CE17A}.Release|Any CPU.Build.0 = Release|Any CPU
		{D1FC4EE0-B8C5-44A5-8307-C43BA6925144}.Debug|Any CPU.ActiveCfg = Debug|Any CPU
		{D1FC4EE0-B8C5-44A5-8307-C43BA6925144}.Debug|Any CPU.Build.0 = Debug|Any CPU
		{D1FC4EE0-B8C5-44A5-8307-C43BA6925144}.Release|Any CPU.ActiveCfg = Release|Any CPU
		{D1FC4EE0-B8C5-44A5-8307-C43BA6925144}.Release|Any CPU.Build.0 = Release|Any CPU
		{C5BAAB58-E949-405F-96D6-C964B319D0E3}.Debug|Any CPU.ActiveCfg = Debug|Any CPU
		{C5BAAB58-E949-405F-96D6-C964B319D0E3}.Debug|Any CPU.Build.0 = Debug|Any CPU
		{C5BAAB58-E949-405F-96D6-C964B319D0E3}.Release|Any CPU.ActiveCfg = Release|Any CPU
		{C5BAAB58-E949-405F-96D6-C964B319D0E3}.Release|Any CPU.Build.0 = Release|Any CPU
		{F80C4E72-27A0-12B5-0634-DD5C11CFB0C1}.Debug|Any CPU.ActiveCfg = Debug|Any CPU
		{F80C4E72-27A0-12B5-0634-DD5C11CFB0C1}.Debug|Any CPU.Build.0 = Debug|Any CPU
		{F80C4E72-27A0-12B5-0634-DD5C11CFB0C1}.Release|Any CPU.ActiveCfg = Release|Any CPU
		{F80C4E72-27A0-12B5-0634-DD5C11CFB0C1}.Release|Any CPU.Build.0 = Release|Any CPU
		{E528BBC3-1C26-8C35-F682-23718816ADCD}.Debug|Any CPU.ActiveCfg = Debug|Any CPU
		{E528BBC3-1C26-8C35-F682-23718816ADCD}.Debug|Any CPU.Build.0 = Debug|Any CPU
		{E528BBC3-1C26-8C35-F682-23718816ADCD}.Release|Any CPU.ActiveCfg = Release|Any CPU
		{E528BBC3-1C26-8C35-F682-23718816ADCD}.Release|Any CPU.Build.0 = Release|Any CPU
	EndGlobalSection
	GlobalSection(SolutionProperties) = preSolution
		HideSolutionNode = FALSE
	EndGlobalSection
	GlobalSection(NestedProjects) = preSolution
		{F864260A-F053-4FE2-BF57-9BAE190DA8B7} = {02EA681E-C7D8-13C7-8484-4AC65E1B71E8}
		{2C9EA9C2-D8D6-42EF-A81F-61C19C8CCDC4} = {02EA681E-C7D8-13C7-8484-4AC65E1B71E8}
		{0E431E55-96F0-43BD-AFB1-85DD59238382} = {F864260A-F053-4FE2-BF57-9BAE190DA8B7}
		{983AAEB3-4B01-4040-803F-5E7D27FA67A7} = {F864260A-F053-4FE2-BF57-9BAE190DA8B7}
		{9DCC2635-8732-4F46-A205-5D076D2CE17A} = {0E431E55-96F0-43BD-AFB1-85DD59238382}
		{D1FC4EE0-B8C5-44A5-8307-C43BA6925144} = {F7232F29-21AE-48F6-A794-DF368B55E102}
		{C5BAAB58-E949-405F-96D6-C964B319D0E3} = {983AAEB3-4B01-4040-803F-5E7D27FA67A7}
		{F80C4E72-27A0-12B5-0634-DD5C11CFB0C1} = {2C9EA9C2-D8D6-42EF-A81F-61C19C8CCDC4}
		{E528BBC3-1C26-8C35-F682-23718816ADCD} = {2C9EA9C2-D8D6-42EF-A81F-61C19C8CCDC4}
	EndGlobalSection
	GlobalSection(ExtensibilityGlobals) = postSolution
		SolutionGuid = {54828584-CD18-40EA-8F12-B13C3BCEC2A7}
	EndGlobalSection
EndGlobal
